
Microsoft Visual Studio Solution File, Format Version 12.00
# Visual Studio 15
VisualStudioVersion = 15.0.28307.136
MinimumVisualStudioVersion = 10.0.40219.1
Project("{FAE04EC0-301F-11D3-BF4B-00C04F79EFBC}") = "RecruitmentAgency", "RecruitmentAgency\RecruitmentAgency.csproj", "{E7E047FE-D7D5-47B5-9E92-61EE82F30290}"
EndProject
Global
	GlobalSection(SolutionConfigurationPlatforms) = preSolution
		Debug|Any CPU = Debug|Any CPU
		Release|Any CPU = Release|Any CPU
	EndGlobalSection
	GlobalSection(ProjectConfigurationPlatforms) = postSolution
		{E7E047FE-D7D5-47B5-9E92-61EE82F30290}.Debug|Any CPU.ActiveCfg = Debug|Any CPU
		{E7E047FE-D7D5-47B5-9E92-61EE82F30290}.Debug|Any CPU.Build.0 = Debug|Any CPU
		{E7E047FE-D7D5-47B5-9E92-61EE82F30290}.Release|Any CPU.ActiveCfg = Release|Any CPU
		{E7E047FE-D7D5-47B5-9E92-61EE82F30290}.Release|Any CPU.Build.0 = Release|Any CPU
	EndGlobalSection
	GlobalSection(SolutionProperties) = preSolution
		HideSolutionNode = FALSE
	EndGlobalSection
	GlobalSection(ExtensibilityGlobals) = postSolution
		SolutionGuid = {9AD1039B-7209-4871-8564-96CD357342EA}
	EndGlobalSection
EndGlobal
